
Microsoft Visual Studio Solution File, Format Version 12.00
# Visual Studio Version 17
VisualStudioVersion = 17.5.002.0
MinimumVisualStudioVersion = 10.0.40219.1
Project("{9A19103F-16F7-4668-BE54-9A1E7A4F7556}") = "360LearnNetConsoleApp", "360LearnNetConsoleApp\360LearnNetConsoleApp.csproj", "{A875B30B-6CE0-44A9-874C-7EDFBB4C8E86}"
EndProject
Global
	GlobalSection(SolutionConfigurationPlatforms) = preSolution
		Debug|Any CPU = Debug|Any CPU
		Release|Any CPU = Release|Any CPU
	EndGlobalSection
	GlobalSection(ProjectConfigurationPlatforms) = postSolution
		{A875B30B-6CE0-44A9-874C-7EDFBB4C8E86}.Debug|Any CPU.ActiveCfg = Debug|Any CPU
		{A875B30B-6CE0-44A9-874C-7EDFBB4C8E86}.Debug|Any CPU.Build.0 = Debug|Any CPU
		{A875B30B-6CE0-44A9-874C-7EDFBB4C8E86}.Release|Any CPU.ActiveCfg = Release|Any CPU
		{A875B30B-6CE0-44A9-874C-7EDFBB4C8E86}.Release|Any CPU.Build.0 = Release|Any CPU
	EndGlobalSection
	GlobalSection(SolutionProperties) = preSolution
		HideSolutionNode = FALSE
	EndGlobalSection
	GlobalSection(ExtensibilityGlobals) = postSolution
		SolutionGuid = {DD776523-8B4D-4A40-82BF-B618A25537D9}
	EndGlobalSection
EndGlobal
